
Microsoft Visual Studio Solution File, Format Version 12.00
# Visual Studio Version 17
VisualStudioVersion = 17.1.32210.238
MinimumVisualStudioVersion = 10.0.40219.1
Project("{FAE04EC0-301F-11D3-BF4B-00C04F79EFBC}") = "FullStack.API", "FullStack.API\FullStack.API.csproj", "{4FF82D00-2AC6-4560-B8F5-6C5422644C60}"
EndProject
Global
	GlobalSection(SolutionConfigurationPlatforms) = preSolution
		Debug|Any CPU = Debug|Any CPU
		Release|Any CPU = Release|Any CPU
	EndGlobalSection
	GlobalSection(ProjectConfigurationPlatforms) = postSolution
		{4FF82D00-2AC6-4560-B8F5-6C5422644C60}.Debug|Any CPU.ActiveCfg = Debug|Any CPU
		{4FF82D00-2AC6-4560-B8F5-6C5422644C60}.Debug|Any CPU.Build.0 = Debug|Any CPU
		{4FF82D00-2AC6-4560-B8F5-6C5422644C60}.Release|Any CPU.ActiveCfg = Release|Any CPU
		{4FF82D00-2AC6-4560-B8F5-6C5422644C60}.Release|Any CPU.Build.0 = Release|Any CPU
	EndGlobalSection
	GlobalSection(SolutionProperties) = preSolution
		HideSolutionNode = FALSE
	EndGlobalSection
	GlobalSection(ExtensibilityGlobals) = postSolution
		SolutionGuid = {7B5AC2F4-63C2-4BCB-A50A-AA19BD887861}
	EndGlobalSection
EndGlobal
